
Microsoft Visual Studio Solution File, Format Version 12.00
# Visual Studio Version 17
VisualStudioVersion = 17.5.33516.290
MinimumVisualStudioVersion = 10.0.40219.1
Project("{FAE04EC0-301F-11D3-BF4B-00C04F79EFBC}") = "Minigames", "Minigames\Minigames.csproj", "{9D4635BC-8C33-4E55-822D-130D48885748}"
EndProject
Global
	GlobalSection(SolutionConfigurationPlatforms) = preSolution
		Debug|Any CPU = Debug|Any CPU
		Release|Any CPU = Release|Any CPU
	EndGlobalSection
	GlobalSection(ProjectConfigurationPlatforms) = postSolution
		{9D4635BC-8C33-4E55-822D-130D48885748}.Debug|Any CPU.ActiveCfg = Debug|Any CPU
		{9D4635BC-8C33-4E55-822D-130D48885748}.Debug|Any CPU.Build.0 = Debug|Any CPU
		{9D4635BC-8C33-4E55-822D-130D48885748}.Release|Any CPU.ActiveCfg = Release|Any CPU
		{9D4635BC-8C33-4E55-822D-130D48885748}.Release|Any CPU.Build.0 = Release|Any CPU
	EndGlobalSection
	GlobalSection(SolutionProperties) = preSolution
		HideSolutionNode = FALSE
	EndGlobalSection
	GlobalSection(ExtensibilityGlobals) = postSolution
		SolutionGuid = {875ED2E1-0FC4-4254-98EE-96D6DCF5AB6D}
	EndGlobalSection
EndGlobal
